
Microsoft Visual Studio Solution File, Format Version 12.00
# Visual Studio Version 17
VisualStudioVersion = 17.5.002.0
MinimumVisualStudioVersion = 10.0.40219.1
Project("{9A19103F-16F7-4668-BE54-9A1E7A4F7556}") = "test orichi", ".net\test orichi.csproj", "{F2CA0534-733C-48AA-9925-2AA27D9D5DCC}"
EndProject
Global
	GlobalSection(SolutionConfigurationPlatforms) = preSolution
		Debug|Any CPU = Debug|Any CPU
		Release|Any CPU = Release|Any CPU
	EndGlobalSection
	GlobalSection(ProjectConfigurationPlatforms) = postSolution
		{F2CA0534-733C-48AA-9925-2AA27D9D5DCC}.Debug|Any CPU.ActiveCfg = Debug|Any CPU
		{F2CA0534-733C-48AA-9925-2AA27D9D5DCC}.Debug|Any CPU.Build.0 = Debug|Any CPU
		{F2CA0534-733C-48AA-9925-2AA27D9D5DCC}.Release|Any CPU.ActiveCfg = Release|Any CPU
		{F2CA0534-733C-48AA-9925-2AA27D9D5DCC}.Release|Any CPU.Build.0 = Release|Any CPU
	EndGlobalSection
	GlobalSection(SolutionProperties) = preSolution
		HideSolutionNode = FALSE
	EndGlobalSection
	GlobalSection(ExtensibilityGlobals) = postSolution
		SolutionGuid = {21CA1880-4B41-4A94-AC00-E58B6AB9046F}
	EndGlobalSection
EndGlobal
